
Microsoft Visual Studio Solution File, Format Version 11.00
# Visual Studio 2010
Project("{FAE04EC0-301F-11D3-BF4B-00C04F79EFBC}") = "MD5Hasher", "MD5Hasher\MD5Hasher.csproj", "{52E0C943-759C-4518-A6A9-C4BEBF07E632}"
EndProject
Project("{54435603-DBB4-11D2-8724-00A0C9A8B90C}") = "MD5HasherSetup", "MD5HasherSetup\MD5HasherSetup.vdproj", "{94BC8FC1-6B88-47F3-BE24-50DC1254C647}"
EndProject
Global
	GlobalSection(SolutionConfigurationPlatforms) = preSolution
		Debug|x86 = Debug|x86
		Release|x86 = Release|x86
	EndGlobalSection
	GlobalSection(ProjectConfigurationPlatforms) = postSolution
		{52E0C943-759C-4518-A6A9-C4BEBF07E632}.Debug|x86.ActiveCfg = Debug|x86
		{52E0C943-759C-4518-A6A9-C4BEBF07E632}.Debug|x86.Build.0 = Debug|x86
		{52E0C943-759C-4518-A6A9-C4BEBF07E632}.Release|x86.ActiveCfg = Release|x86
		{52E0C943-759C-4518-A6A9-C4BEBF07E632}.Release|x86.Build.0 = Release|x86
		{94BC8FC1-6B88-47F3-BE24-50DC1254C647}.Debug|x86.ActiveCfg = Debug
		{94BC8FC1-6B88-47F3-BE24-50DC1254C647}.Debug|x86.Build.0 = Debug
		{94BC8FC1-6B88-47F3-BE24-50DC1254C647}.Release|x86.ActiveCfg = Release
		{94BC8FC1-6B88-47F3-BE24-50DC1254C647}.Release|x86.Build.0 = Release
	EndGlobalSection
	GlobalSection(SolutionProperties) = preSolution
		HideSolutionNode = FALSE
	EndGlobalSection
EndGlobal
